
Microsoft Visual Studio Solution File, Format Version 12.00
# Visual Studio Version 16
VisualStudioVersion = 16.0.29613.14
MinimumVisualStudioVersion = 10.0.40219.1
Project("{9A19103F-16F7-4668-BE54-9A1E7A4F7556}") = "XUnitTestDetetive", "XUnitTestDetetive\XUnitTestDetetive.csproj", "{CEEC97CD-1483-4C6D-BC72-E059FDAEF3D2}"
EndProject
Project("{FAE04EC0-301F-11D3-BF4B-00C04F79EFBC}") = "ConsoleDetetive", "ConsoleDetetive\ConsoleDetetive.csproj", "{EE020389-D5F7-44E8-AAA2-ED07563E35C8}"
EndProject
Global
	GlobalSection(SolutionConfigurationPlatforms) = preSolution
		Debug|Any CPU = Debug|Any CPU
		Release|Any CPU = Release|Any CPU
	EndGlobalSection
	GlobalSection(ProjectConfigurationPlatforms) = postSolution
		{CEEC97CD-1483-4C6D-BC72-E059FDAEF3D2}.Debug|Any CPU.ActiveCfg = Debug|Any CPU
		{CEEC97CD-1483-4C6D-BC72-E059FDAEF3D2}.Debug|Any CPU.Build.0 = Debug|Any CPU
		{CEEC97CD-1483-4C6D-BC72-E059FDAEF3D2}.Release|Any CPU.ActiveCfg = Release|Any CPU
		{CEEC97CD-1483-4C6D-BC72-E059FDAEF3D2}.Release|Any CPU.Build.0 = Release|Any CPU
		{EE020389-D5F7-44E8-AAA2-ED07563E35C8}.Debug|Any CPU.ActiveCfg = Debug|Any CPU
		{EE020389-D5F7-44E8-AAA2-ED07563E35C8}.Debug|Any CPU.Build.0 = Debug|Any CPU
		{EE020389-D5F7-44E8-AAA2-ED07563E35C8}.Release|Any CPU.ActiveCfg = Release|Any CPU
		{EE020389-D5F7-44E8-AAA2-ED07563E35C8}.Release|Any CPU.Build.0 = Release|Any CPU
	EndGlobalSection
	GlobalSection(SolutionProperties) = preSolution
		HideSolutionNode = FALSE
	EndGlobalSection
	GlobalSection(ExtensibilityGlobals) = postSolution
		SolutionGuid = {F00F8F36-1F70-430A-BEF7-7913B957A38F}
	EndGlobalSection
EndGlobal
